
Microsoft Visual Studio Solution File, Format Version 12.00
# Visual Studio Version 17
VisualStudioVersion = 17.14.36310.24 d17.14
MinimumVisualStudioVersion = 10.0.40219.1
Project("{FAE04EC0-301F-11D3-BF4B-00C04F79EFBC}") = "ConsoleApp1", "ConsoleApp1\ConsoleApp1.csproj", "{C1DA0A37-F3E9-4579-AF4F-0C2113453D1F}"
EndProject
Global
	GlobalSection(SolutionConfigurationPlatforms) = preSolution
		Debug|Any CPU = Debug|Any CPU
		Release|Any CPU = Release|Any CPU
	EndGlobalSection
	GlobalSection(ProjectConfigurationPlatforms) = postSolution
		{C1DA0A37-F3E9-4579-AF4F-0C2113453D1F}.Debug|Any CPU.ActiveCfg = Debug|Any CPU
		{C1DA0A37-F3E9-4579-AF4F-0C2113453D1F}.Debug|Any CPU.Build.0 = Debug|Any CPU
		{C1DA0A37-F3E9-4579-AF4F-0C2113453D1F}.Release|Any CPU.ActiveCfg = Release|Any CPU
		{C1DA0A37-F3E9-4579-AF4F-0C2113453D1F}.Release|Any CPU.Build.0 = Release|Any CPU
	EndGlobalSection
	GlobalSection(SolutionProperties) = preSolution
		HideSolutionNode = FALSE
	EndGlobalSection
	GlobalSection(ExtensibilityGlobals) = postSolution
		SolutionGuid = {2CE17950-A3F0-420E-BCAA-8E1BABF4E64C}
	EndGlobalSection
EndGlobal
